// !$*UTF8*$!
{
	archiveVersion = 1;
	classes = {
	};
	objectVersion = 46;
	objects = {

/* Begin PBXBuildFile section */
		27609E2A1C201BC7000C72B2 /* QuizViewController.swift in Sources */ = {isa = PBXBuildFile; fileRef = 27609E291C201BC7000C72B2 /* QuizViewController.swift */; };
		27609E2C1C201BDD000C72B2 /* ResultViewController.swift in Sources */ = {isa = PBXBuildFile; fileRef = 27609E2B1C201BDD000C72B2 /* ResultViewController.swift */; };
		27609E2E1C201C32000C72B2 /* SelectionViewController.swift in Sources */ = {isa = PBXBuildFile; fileRef = 27609E2D1C201C32000C72B2 /* SelectionViewController.swift */; };
		27609E301C201DEA000C72B2 /* GameSettingsViewController.swift in Sources */ = {isa = PBXBuildFile; fileRef = 27609E2F1C201DEA000C72B2 /* GameSettingsViewController.swift */; };
		27609E321C201F07000C72B2 /* HeartRecoveryViewController.swift in Sources */ = {isa = PBXBuildFile; fileRef = 27609E311C201F07000C72B2 /* HeartRecoveryViewController.swift */; };
		278C353B1C0AF26D00CD9806 /* 写真（2015-11-21 21.40）.png in Resources */ = {isa = PBXBuildFile; fileRef = 278C353A1C0AF26D00CD9806 /* 写真（2015-11-21 21.40）.png */; };
		278F29851C008C8F0072D04E /* AppDelegate.swift in Sources */ = {isa = PBXBuildFile; fileRef = 278F29841C008C8F0072D04E /* AppDelegate.swift */; };
		278F29871C008C8F0072D04E /* ViewController.swift in Sources */ = {isa = PBXBuildFile; fileRef = 278F29861C008C8F0072D04E /* ViewController.swift */; };
		278F298A1C008C8F0072D04E /* Main.storyboard in Resources */ = {isa = PBXBuildFile; fileRef = 278F29881C008C8F0072D04E /* Main.storyboard */; };
		278F298C1C008C8F0072D04E /* Assets.xcassets in Resources */ = {isa = PBXBuildFile; fileRef = 278F298B1C008C8F0072D04E /* Assets.xcassets */; };
		278F298F1C008C8F0072D04E /* LaunchScreen.storyboard in Resources */ = {isa = PBXBuildFile; fileRef = 278F298D1C008C8F0072D04E /* LaunchScreen.storyboard */; };
/* End PBXBuildFile section */

/* Begin PBXFileReference section */
		27609E291C201BC7000C72B2 /* QuizViewController.swift */ = {isa = PBXFileReference; fileEncoding = 4; lastKnownFileType = sourcecode.swift; path = QuizViewController.swift; sourceTree = "<group>"; };
		27609E2B1C201BDD000C72B2 /* ResultViewController.swift */ = {isa = PBXFileReference; fileEncoding = 4; lastKnownFileType = sourcecode.swift; path = ResultViewController.swift; sourceTree = "<group>"; };
		27609E2D1C201C32000C72B2 /* SelectionViewController.swift */ = {isa = PBXFileReference; fileEncoding = 4; lastKnownFileType = sourcecode.swift; path = SelectionViewController.swift; sourceTree = "<group>"; };
		27609E2F1C201DEA000C72B2 /* GameSettingsViewController.swift */ = {isa = PBXFileReference; fileEncoding = 4; lastKnownFileType = sourcecode.swift; path = GameSettingsViewController.swift; sourceTree = "<group>"; };
		27609E311C201F07000C72B2 /* HeartRecoveryViewController.swift */ = {isa = PBXFileReference; fileEncoding = 4; lastKnownFileType = sourcecode.swift; path = HeartRecoveryViewController.swift; sourceTree = "<group>"; };
		278C353A1C0AF26D00CD9806 /* 写真（2015-11-21 21.40）.png */ = {isa = PBXFileReference; lastKnownFileType = image.png; path = "写真（2015-11-21 21.40）.png"; sourceTree = "<group>"; };
		278F29811C008C8F0072D04E /* Hello myapp.app */ = {isa = PBXFileReference; explicitFileType = wrapper.application; includeInIndex = 0; path = "Hello myapp.app"; sourceTree = BUILT_PRODUCTS_DIR; };
		278F29841C008C8F0072D04E /* AppDelegate.swift */ = {isa = PBXFileReference; lastKnownFileType = sourcecode.swift; path = AppDelegate.swift; sourceTree = "<group>"; };
		278F29861C008C8F0072D04E /* ViewController.swift */ = {isa = PBXFileReference; lastKnownFileType = sourcecode.swift; path = ViewController.swift; sourceTree = "<group>"; };
		278F29891C008C8F0072D04E /* Base */ = {isa = PBXFileReference; lastKnownFileType = file.storyboard; name = Base; path = Base.lproj/Main.storyboard; sourceTree = "<group>"; };
		278F298B1C008C8F0072D04E /* Assets.xcassets */ = {isa = PBXFileReference; lastKnownFileType = folder.assetcatalog; path = Assets.xcassets; sourceTree = "<group>"; };
		278F298E1C008C8F0072D04E /* Base */ = {isa = PBXFileReference; lastKnownFileType = file.storyboard; name = Base; path = Base.lproj/LaunchScreen.storyboard; sourceTree = "<group>"; };
		278F29901C008C8F0072D04E /* Info.plist */ = {isa = PBXFileReference; lastKnownFileType = text.plist.xml; path = Info.plist; sourceTree = "<group>"; };
/* End PBXFileReference section */

/* Begin PBXFrameworksBuildPhase section */
		278F297E1C008C8F0072D04E /* Frameworks */ = {
			isa = PBXFrameworksBuildPhase;
			buildActionMask = 2147483647;
			files = (
			);
			runOnlyForDeploymentPostprocessing = 0;
		};
/* End PBXFrameworksBuildPhase section */

/* Begin PBXGroup section */
		278F29781C008C8F0072D04E = {
			isa = PBXGroup;
			children = (
				278F29831C008C8F0072D04E /* Hello myapp */,
				278F29821C008C8F0072D04E /* Products */,
			);
			sourceTree = "<group>";
		};
		278F29821C008C8F0072D04E /* Products */ = {
			isa = PBXGroup;
			children = (
				278F29811C008C8F0072D04E /* Hello myapp.app */,
			);
			name = Products;
			sourceTree = "<group>";
		};
		278F29831C008C8F0072D04E /* Hello myapp */ = {
			isa = PBXGroup;
			children = (
				278F29841C008C8F0072D04E /* AppDelegate.swift */,
				278F29861C008C8F0072D04E /* ViewController.swift */,
				278F29881C008C8F0072D04E /* Main.storyboard */,
				278F298B1C008C8F0072D04E /* Assets.xcassets */,
				278C353A1C0AF26D00CD9806 /* 写真（2015-11-21 21.40）.png */,
				278F298D1C008C8F0072D04E /* LaunchScreen.storyboard */,
				278F29901C008C8F0072D04E /* Info.plist */,
				27609E291C201BC7000C72B2 /* QuizViewController.swift */,
				27609E2B1C201BDD000C72B2 /* ResultViewController.swift */,
				27609E2D1C201C32000C72B2 /* SelectionViewController.swift */,
				27609E2F1C201DEA000C72B2 /* GameSettingsViewController.swift */,
				27609E311C201F07000C72B2 /* HeartRecoveryViewController.swift */,
			);
			path = "Hello myapp";
			sourceTree = "<group>";
		};
/* End PBXGroup section */

/* Begin PBXNativeTarget section */
		278F29801C008C8F0072D04E /* Hello myapp */ = {
			isa = PBXNativeTarget;
			buildConfigurationList = 278F29931C008C8F0072D04E /* Build configuration list for PBXNativeTarget "Hello myapp" */;
			buildPhases = (
				278F297D1C008C8F0072D04E /* Sources */,
				278F297E1C008C8F0072D04E /* Frameworks */,
				278F297F1C008C8F0072D04E /* Resources */,
			);
			buildRules = (
			);
			dependencies = (
			);
			name = "Hello myapp";
			productName = "Hello myapp";
			productReference = 278F29811C008C8F0072D04E /* Hello myapp.app */;
			productType = "com.apple.product-type.application";
		};
/* End PBXNativeTarget section */

/* Begin PBXProject section */
		278F29791C008C8F0072D04E /* Project object */ = {
			isa = PBXProject;
			attributes = {
				LastSwiftUpdateCheck = 0710;
				LastUpgradeCheck = 0710;
				ORGANIZATIONNAME = "三城聖";
				TargetAttributes = {
					278F29801C008C8F0072D04E = {
						CreatedOnToolsVersion = 7.1;
					};
				};
			};
			buildConfigurationList = 278F297C1C008C8F0072D04E /* Build configuration list for PBXProject "Hello myapp" */;
			compatibilityVersion = "Xcode 3.2";
			developmentRegion = English;
			hasScannedForEncodings = 0;
			knownRegions = (
				en,
				Base,
			);
			mainGroup = 278F29781C008C8F0072D04E;
			productRefGroup = 278F29821C008C8F0072D04E /* Products */;
			projectDirPath = "";
			projectRoot = "";
			targets = (
				278F29801C008C8F0072D04E /* Hello myapp */,
			);
		};
/* End PBXProject section */

/* Begin PBXResourcesBuildPhase section */
		278F297F1C008C8F0072D04E /* Resources */ = {
			isa = PBXResourcesBuildPhase;
			buildActionMask = 2147483647;
			files = (
				278C353B1C0AF26D00CD9806 /* 写真（2015-11-21 21.40）.png in Resources */,
				278F298F1C008C8F0072D04E /* LaunchScreen.storyboard in Resources */,
				278F298C1C008C8F0072D04E /* Assets.xcassets in Resources */,
				278F298A1C008C8F0072D04E /* Main.storyboard in Resources */,
			);
			runOnlyForDeploymentPostprocessing = 0;
		};
/* End PBXResourcesBuildPhase section */

/* Begin PBXSourcesBuildPhase section */
		278F297D1C008C8F0072D04E /* Sources */ = {
			isa = PBXSourcesBuildPhase;
			buildActionMask = 2147483647;
			files = (
				27609E2E1C201C32000C72B2 /* SelectionViewController.swift in Sources */,
				27609E2A1C201BC7000C72B2 /* QuizViewController.swift in Sources */,
				27609E301C201DEA000C72B2 /* GameSettingsViewController.swift in Sources */,
				278F29871C008C8F0072D04E /* ViewController.swift in Sources */,
				278F29851C008C8F0072D04E /* AppDelegate.swift in Sources */,
				27609E321C201F07000C72B2 /* HeartRecoveryViewController.swift in Sources */,
				27609E2C1C201BDD000C72B2 /* ResultViewController.swift in Sources */,
			);
			runOnlyForDeploymentPostprocessing = 0;
		};
/* End PBXSourcesBuildPhase section */

/* Begin PBXVariantGroup section */
		278F29881C008C8F0072D04E /* Main.storyboard */ = {
			isa = PBXVariantGroup;
			children = (
				278F29891C008C8F0072D04E /* Base */,
			);
			name = Main.storyboard;
			sourceTree = "<group>";
		};
		278F298D1C008C8F0072D04E /* LaunchScreen.storyboard */ = {
			isa = PBXVariantGroup;
			children = (
				278F298E1C008C8F0072D04E /* Base */,
			);
			name = LaunchScreen.storyboard;
			sourceTree = "<group>";
		};
/* End PBXVariantGroup section */

/* Begin XCBuildConfiguration section */
		278F29911C008C8F0072D04E /* Debug */ = {
			isa = XCBuildConfiguration;
			buildSettings = {
				ALWAYS_SEARCH_USER_PATHS = NO;
				CLANG_CXX_LANGUAGE_STANDARD = "gnu++0x";
				CLANG_CXX_LIBRARY = "libc++";
				CLANG_ENABLE_MODULES = YES;
				CLANG_ENABLE_OBJC_ARC = YES;
				CLANG_WARN_BOOL_CONVERSION = YES;
				CLANG_WARN_CONSTANT_CONVERSION = YES;
				CLANG_WARN_DIRECT_OBJC_ISA_USAGE = YES_ERROR;
				CLANG_WARN_EMPTY_BODY = YES;
				CLANG_WARN_ENUM_CONVERSION = YES;
				CLANG_WARN_INT_CONVERSION = YES;
				CLANG_WARN_OBJC_ROOT_CLASS = YES_ERROR;
				CLANG_WARN_UNREACHABLE_CODE = YES;
				CLANG_WARN__DUPLICATE_METHOD_MATCH = YES;
				"CODE_SIGN_IDENTITY[sdk=iphoneos*]" = "iPhone Developer";
				COPY_PHASE_STRIP = NO;
				DEBUG_INFORMATION_FORMAT = dwarf;
				ENABLE_STRICT_OBJC_MSGSEND = YES;
				ENABLE_TESTABILITY = YES;
				GCC_C_LANGUAGE_STANDARD = gnu99;
				GCC_DYNAMIC_NO_PIC = NO;
				GCC_NO_COMMON_BLOCKS = YES;
				GCC_OPTIMIZATION_LEVEL = 0;
				GCC_PREPROCESSOR_DEFINITIONS = (
					"DEBUG=1",
					"$(inherited)",
				);
				GCC_WARN_64_TO_32_BIT_CONVERSION = YES;
				GCC_WARN_ABOUT_RETURN_TYPE = YES_ERROR;
				GCC_WARN_UNDECLARED_SELECTOR = YES;
				GCC_WARN_UNINITIALIZED_AUTOS = YES_AGGRESSIVE;
				GCC_WARN_UNUSED_FUNCTION = YES;
				GCC_WARN_UNUSED_VARIABLE = YES;
				IPHONEOS_DEPLOYMENT_TARGET = 9.1;
				MTL_ENABLE_DEBUG_INFO = YES;
				ONLY_ACTIVE_ARCH = YES;
				SDKROOT = iphoneos;
				SWIFT_OPTIMIZATION_LEVEL = "-Onone";
				TARGETED_DEVICE_FAMILY = "1,2";
			};
			name = Debug;
		};
		278F29921C008C8F0072D04E /* Release */ = {
			isa = XCBuildConfiguration;
			buildSettings = {
				ALWAYS_SEARCH_USER_PATHS = NO;
				CLANG_CXX_LANGUAGE_STANDARD = "gnu++0x";
				CLANG_CXX_LIBRARY = "libc++";
				CLANG_ENABLE_MODULES = YES;
				CLANG_ENABLE_OBJC_ARC = YES;
				CLANG_WARN_BOOL_CONVERSION = YES;
				CLANG_WARN_CONSTANT_CONVERSION = YES;
				CLANG_WARN_DIRECT_OBJC_ISA_USAGE = YES_ERROR;
				CLANG_WARN_EMPTY_BODY = YES;
				CLANG_WARN_ENUM_CONVERSION = YES;
				CLANG_WARN_INT_CONVERSION = YES;
				CLANG_WARN_OBJC_ROOT_CLASS = YES_ERROR;
				CLANG_WARN_UNREACHABLE_CODE = YES;
				CLANG_WARN__DUPLICATE_METHOD_MATCH = YES;
				"CODE_SIGN_IDENTITY[sdk=iphoneos*]" = "iPhone Developer";
				COPY_PHASE_STRIP = NO;
				DEBUG_INFORMATION_FORMAT = "dwarf-with-dsym";
				ENABLE_NS_ASSERTIONS = NO;
				ENABLE_STRICT_OBJC_MSGSEND = YES;
				GCC_C_LANGUAGE_STANDARD = gnu99;
				GCC_NO_COMMON_BLOCKS = YES;
				GCC_WARN_64_TO_32_BIT_CONVERSION = YES;
				GCC_WARN_ABOUT_RETURN_TYPE = YES_ERROR;
				GCC_WARN_UNDECLARED_SELECTOR = YES;
				GCC_WARN_UNINITIALIZED_AUTOS = YES_AGGRESSIVE;
				GCC_WARN_UNUSED_FUNCTION = YES;
				GCC_WARN_UNUSED_VARIABLE = YES;
				IPHONEOS_DEPLOYMENT_TARGET = 9.1;
				MTL_ENABLE_DEBUG_INFO = NO;
				SDKROOT = iphoneos;
				TARGETED_DEVICE_FAMILY = "1,2";
				VALIDATE_PRODUCT = YES;
			};
			name = Release;
		};
		278F29941C008C8F0072D04E /* Debug */ = {
			isa = XCBuildConfiguration;
			buildSettings = {
				ASSETCATALOG_COMPILER_APPICON_NAME = AppIcon;
				INFOPLIST_FILE = "Hello myapp/Info.plist";
				IPHONEOS_DEPLOYMENT_TARGET = 9.0;
				LD_RUNPATH_SEARCH_PATHS = "$(inherited) @executable_path/Frameworks";
				PRODUCT_BUNDLE_IDENTIFIER = "com.hijiki.Hello-myapp";
				PRODUCT_NAME = "$(TARGET_NAME)";
			};
			name = Debug;
		};
		278F29951C008C8F0072D04E /* Release */ = {
			isa = XCBuildConfiguration;
			buildSettings = {
				ASSETCATALOG_COMPILER_APPICON_NAME = AppIcon;
				INFOPLIST_FILE = "Hello myapp/Info.plist";
				IPHONEOS_DEPLOYMENT_TARGET = 9.0;
				LD_RUNPATH_SEARCH_PATHS = "$(inherited) @executable_path/Frameworks";
				PRODUCT_BUNDLE_IDENTIFIER = "com.hijiki.Hello-myapp";
				PRODUCT_NAME = "$(TARGET_NAME)";
			};
			name = Release;
		};
/* End XCBuildConfiguration section */

/* Begin XCConfigurationList section */
		278F297C1C008C8F0072D04E /* Build configuration list for PBXProject "Hello myapp" */ = {
			isa = XCConfigurationList;
			buildConfigurations = (
				278F29911C008C8F0072D04E /* Debug */,
				278F29921C008C8F0072D04E /* Release */,
			);
			defaultConfigurationIsVisible = 0;
			defaultConfigurationName = Release;
		};
		278F29931C008C8F0072D04E /* Build configuration list for PBXNativeTarget "Hello myapp" */ = {
			isa = XCConfigurationList;
			buildConfigurations = (
				278F29941C008C8F0072D04E /* Debug */,
				278F29951C008C8F0072D04E /* Release */,
			);
			defaultConfigurationIsVisible = 0;
			defaultConfigurationName = Release;
		};
/* End XCConfigurationList section */
	};
	rootObject = 278F29791C008C8F0072D04E /* Project object */;
}
